PODS:
  - LookinServer (1.2.6):
    - LookinServer/Core (= 1.2.6)
  - LookinServer/Core (1.2.6)
  - Masonry (1.1.0)
  - MJRefresh (3.5.0)
  - SDWebImage (5.9.5):
    - SDWebImage/Core (= 5.9.5)
  - SDWebImage/Core (5.9.5)

DEPENDENCIES:
  - LookinServer (= 1.2.6)
  - Masonry
  - MJRefresh
  - SDWebImage

SPEC REPOS:
  trunk:
    - LookinServer
    - Masonry
    - MJRefresh
    - SDWebImage

SPEC CHECKSUMS:
  LookinServer: de929b55f8fa2e241c18c39af3f900eaa9166389
  Masonry: 678fab65091a9290e40e2832a55e7ab731aad201
  MJRefresh: 6afc955813966afb08305477dd7a0d9ad5e79a16
  SDWebImage: 0b2ba0d56479bf6a45ecddbfd5558bea93150d25

PODFILE CHECKSUM: 5f3c8fd92d3d8523abb84e669c897d00bc87091d

COCOAPODS: 1.15.2
