PODS:
  - LookinServer (1.2.6):
    - LookinServer/Core (= 1.2.6)
  - LookinServer/Core (1.2.6)

DEPENDENCIES:
  - LookinServer (= 1.2.6)

SPEC REPOS:
  https://mirrors.tuna.tsinghua.edu.cn/git/CocoaPods/Specs.git:
    - LookinServer

SPEC CHECKSUMS:
  LookinServer: de929b55f8fa2e241c18c39af3f900eaa9166389

PODFILE CHECKSUM: f7f87de7a964f0cb31fe368c7dd316ac6587c3a0

COCOAPODS: 1.15.2
